lockfileVersion: '9.0'

settings:
  autoInstallPeers: true
  excludeLinksFromLockfile: false

importers:

  .:
    dependencies:
      preact:
        specifier: ^10.29.8
        version: 10.29.8
    devDependencies:
      '@rsbuild/core':
        specifier: ^2.1.13
        version: 2.1.13
      '@rsbuild/plugin-preact':
        specifier: ^2.0.0
        version: 2.0.0(@rsbuild/core@2.1.13)(@rspack/core@2.1.10(@swc/helpers@0.5.23))(preact@10.29.8)
      '@rsbuild/plugin-tailwindcss':
        specifier: ^2.0.3
        version: 2.0.3(@rsbuild/core@2.1.13)(@rspack/core@2.1.10(@swc/helpers@0.5.23))
      '@types/node':
        specifier: ^24.13.3
        version: 24.13.3
      rsbuild-plugin-compression:
        specifier: ^0.1.2
        version: 0.1.2(@rsbuild/core@2.1.13)
      tailwindcss:
        specifier: ^4.3.3
        version: 4.3.3
      typescript:
        specifier: ^6.0.3
        version: 6.0.3

packages:

  '@alloc/quick-lru@5.2.0':
    resolution: {integrity: sha512-UrcABB+4bUrFABwbluTIBErXwvbsU/V7TZWfmbgJfbkwiBuziS9gxdODUyuiecfdGQ85jglMW6juS3+z5TsKLw==}
    engines: {node: '>=10'}

  '@emnapi/core@1.11.3':
    resolution: {integrity: sha512-zLpS5asjEb7lq8jYLq37N6XKaE41DIexlY1rF/z4/tIl3wo13Sqm28fRyfIsKZD+NZ8mM5RoKkpW/rBcuoSZSg==}

  '@emnapi/runtime@1.11.3':
    resolution: {integrity: sha512-Xz4Tpyki7XyrpbUK1jR1AhdAdaXyhhY4lZ3neLodmhpuWfy2PAQN5B46sAiU4liOXGLkHypn/qU+jvfWSCYYLA==}

  '@emnapi/wasi-threads@1.2.3':
    resolution: {integrity: sha512-ELEBe8PsLvvJ6QMr0zLt8ffvOHW/dc1m3CEzNMg7aJUv3bMaoDtw2TXyDAwkYBuroxxuHEwhRTLJSe5sya547g==}

  '@jridgewell/gen-mapping@0.3.13':
    resolution: {integrity: sha512-2kkt/7niJ6MgEPxF0bYdQ6etZaA+fQvDcLKckhy1yIQOzaoKjBBjSj63/aLVjYE3qhRt5dvM+uUyfCg6UKCBbA==}

  '@jridgewell/remapping@2.3.5':
    resolution: {integrity: sha512-LI9u/+laYG4Ds1TDKSJW2YPrIlcVYOwi2fUC6xB43lueCjgxV4lffOCZCtYFiH6TNOX+tQKXx97T4IKHbhyHEQ==}

  '@jridgewell/resolve-uri@3.1.2':
    resolution: {integrity: sha512-bRISgCIjP20/tbWSPWMEi54QVPRZExkuD9lJL+UIxUKtwVJA8wW1Trb1jMs1RFXo1CBTNZ/5hpC9QvmKWdopKw==}
    engines: {node: '>=6.0.0'}

  '@jridgewell/sourcemap-codec@1.5.5':
    resolution: {integrity: sha512-cYQ9310grqxueWbl+WuIUIaiUaDcj7WOq5fVhEljNVgRfOUhY9fy2zTvfoqWsnebh8Sl70VScFbICvJnLKB0Og==}

  '@jridgewell/trace-mapping@0.3.31':
    resolution: {integrity: sha512-zzNR+SdQSDJzc8joaeP8QQoCQr8NuYx2dIIytl1QeBEZHJ9uW6hebsrYgbz8hJwUQao3TWCMtmfV8Nu1twOLAw==}

  '@napi-rs/wasm-runtime@1.1.6':
    resolution: {integrity: sha512-ZLv/JdUfkvOy9eCnnBaGfiO+XimbjebAeO+MRQqD/B+FR1tnRN0tpKSJHRbE8sFfS6aqsXZ67TQjfwfsxULVbg==}
    peerDependencies:
      '@emnapi/core': ^1.7.1
      '@emnapi/runtime': ^1.7.1

  '@prefresh/core@1.5.10':
    resolution: {integrity: sha512-7yPTFbG56sutaFu8krp3B4a200KOFUvrtlllKWRuLjsYXo9UUucHOZRcer+gtgMkFTpv6ob8TGcTwA32bSwa1w==}
    peerDependencies:
      preact: ^10.0.0 || ^11.0.0-0

  '@prefresh/utils@1.2.1':
    resolution: {integrity: sha512-vq/sIuN5nYfYzvyayXI4C2QkprfNaHUQ9ZX+3xLD8nL3rWyzpxOm1+K7RtMbhd+66QcaISViK7amjnheQ/4WZw==}

  '@rsbuild/core@2.1.13':
    resolution: {integrity: sha512-Z+6MzmjOio4+bFZQ24k+7ge/oNCOdXIunAssrswTNE8AIf6mcyXpJZevRXRiOEMZasRPA8VNyh+9JngQLg729Q==}
    engines: {node: ^20.19.0 || >=22.12.0}
    hasBin: true
    peerDependencies:
      core-js: '>= 3.0.0'
    peerDependenciesMeta:
      core-js:
        optional: true

  '@rsbuild/plugin-preact@2.0.0':
    resolution: {integrity: sha512-71eGBA8AilI/v9WDxHTWkB9CnMRb8XI6jOQAP/j+a3++CoUFA9QwYr7r5jPtpdzmf4RKugUXfc3baKM/paqOGQ==}
    peerDependencies:
      '@rsbuild/core': ^2.0.0
    peerDependenciesMeta:
      '@rsbuild/core':
        optional: true

  '@rsbuild/plugin-tailwindcss@2.0.3':
    resolution: {integrity: sha512-sl7mN0fyoP0W+zEyFR2xEMVAS2cZPlOAqsXwI8Ei9tUSvV7V4G8Xw2WBVCOQ/B4KEFfJ6H1+TEuPlAzHLEfc4g==}
    peerDependencies:
      '@rsbuild/core': ^2.0.0
    peerDependenciesMeta:
      '@rsbuild/core':
        optional: true

  '@rspack/binding-darwin-arm64@2.1.10':
    resolution: {integrity: sha512-DZlcTpbIb2mjeS1aSG4k01UH33Zj7T+k8ZylPK6HmsKs4JvK4wgpWFC78WVv3p/Aj3MZS6DwtDLwpZ2Ihj/fpg==}
    cpu: [arm64]
    os: [darwin]

  '@rspack/binding-darwin-x64@2.1.10':
    resolution: {integrity: sha512-my/0h2LwxCRT6cg3oDDC2e0ZOxQLVajAdIcv0fqnQk5JRNvVuL89PuTutitnSqie1A0/JSL8OQz5XHwmoS3kow==}
    cpu: [x64]
    os: [darwin]

  '@rspack/binding-linux-arm64-gnu@2.1.10':
    resolution: {integrity: sha512-laevn9g+E5PAUEGqiKe6Ju5KApsuQYp+bPI17XS3Lkl8eqL5pS/BmHYU7QMlst4GzV8+wlruVTMh//+st6Vqzg==}
    cpu: [arm64]
    os: [linux]
    libc: [glibc]

  '@rspack/binding-linux-arm64-musl@2.1.10':
    resolution: {integrity: sha512-V71+Qz5G72+ROZXrJn5zxOszdG1AEbO8pcC/itXXtf4yRR6a3bVHKNKGhipBNxb8eI6cnD/01FH1h3ZG655jLw==}
    cpu: [arm64]
    os: [linux]
    libc: [musl]

  '@rspack/binding-linux-ppc64-gnu@2.1.10':
    resolution: {integrity: sha512-U7HlNzHcDtZ+LYOtOJmtx67kHEybZzUUAaP7aEXjGYO5WTCgh/176sW2UYP0rmZLrgUNFUuzn+B98RLaClNaVg==}
    cpu: [ppc64]
    os: [linux]
    libc: [glibc]

  '@rspack/binding-linux-riscv64-gnu@2.1.10':
    resolution: {integrity: sha512-GMGTJpy9/ecE+5F5IfxZH4bXv0Wx/b2TiehTlCbTksbL+pKpLHYy0rwGdjWDKbmBkhxMMqPiC7PDnn9LbdnnLA==}
    cpu: [riscv64]
    os: [linux]
    libc: [glibc]

  '@rspack/binding-linux-riscv64-musl@2.1.10':
    resolution: {integrity: sha512-rkurnAWc04vIbzG1QCrPBWSJadZvaOt1mazFH3EdiJO8VUiu0I1T9zdiwuDOPrd50lOKIZlcTXbd5aaAkWEnvQ==}
    cpu: [riscv64]
    os: [linux]
    libc: [musl]

  '@rspack/binding-linux-s390x-gnu@2.1.10':
    resolution: {integrity: sha512-X+DyxkriZEAF/wihI7ERDv+CAS0mbMv36aEuQ+vXzTlvS6cSmpou/r29AHbvIF3NlG1UeAbDVlOs9QrMBZjpUQ==}
    cpu: [s390x]
    os: [linux]
    libc: [glibc]

  '@rspack/binding-linux-x64-gnu@2.1.10':
    resolution: {integrity: sha512-Fat09V6jUuyo9qG7Wyj9cQ31VDfLmokXyBtGqKxY5OvSWHereB7QUub5btbPXHwbp6Iq4aAQyUbbLTzvR1YaBw==}
    cpu: [x64]
    os: [linux]
    libc: [glibc]

  '@rspack/binding-linux-x64-musl@2.1.10':
    resolution: {integrity: sha512-lhHOnIJ4ClpIlA1f1L8aoxEZivYLjnjq5A6jKKz7BKsm+cHK8kqqEm6lO5KqA5xQT0Lonq1o28bmKHEj6JHInw==}
    cpu: [x64]
    os: [linux]
    libc: [musl]

  '@rspack/binding-wasm32-wasi@2.1.10':
    resolution: {integrity: sha512-KY5YbWbuvYcoaLXnV+vzZOvGRCeb6jt4EpVpKdph1h1IJjwX/ju15EQ+GOe3iecZEdf0OttQcNVcwBkLkFT9ag==}
    cpu: [wasm32]

  '@rspack/binding-win32-arm64-msvc@2.1.10':
    resolution: {integrity: sha512-z4GWzMLofaDGpAt9Z+MlN88LlUBDm+zM6R2GdOOPM6/4g/h3/+47OP7casmSL3AwTGYBEJqogwt08sRSosB6Cg==}
    cpu: [arm64]
    os: [win32]

  '@rspack/binding-win32-ia32-msvc@2.1.10':
    resolution: {integrity: sha512-7qcWdsZ+GuGtzKjqgy7wTN7Dso/ezIY8yhx1r2yIbcczdmXj4FhaEampMDp/25HwtKwIGBBoh6HHSt3JWxpTUg==}
    cpu: [ia32]
    os: [win32]

  '@rspack/binding-win32-x64-msvc@2.1.10':
    resolution: {integrity: sha512-pgp23pLrzfhGnKycxzr7ifP17lAbWZEfnx1bX8gXtYrnpJ66DRNyTKSzxB6sa/HBWjS1L8PX5TjMZ44WfPydqQ==}
    cpu: [x64]
    os: [win32]

  '@rspack/binding@2.1.10':
    resolution: {integrity: sha512-vnu/UP5HnrND15lO9+VeG6eUrbTyycHNQNQ3XEiRiFojuoiGZkIZC3Hbzr8qQH44C6vScPODEPvvIVvLcO2LpQ==}

  '@rspack/core@2.1.10':
    resolution: {integrity: sha512-YSS2/Xxz8uiG/KXDkqOoA3dTetNo/vysk7bAexQOrU8iuq7JuzDTTAwLKvWZnwmvME8M8m5wcM4YvfIwYmidHA==}
    engines: {node: ^20.19.0 || >=22.12.0}
    peerDependencies:
      '@module-federation/runtime-tools': ^0.24.1 || ^2.0.0
      '@swc/helpers': ^0.5.23
    peerDependenciesMeta:
      '@module-federation/runtime-tools':
        optional: true
      '@swc/helpers':
        optional: true

  '@rspack/plugin-preact-refresh@2.0.1':
    resolution: {integrity: sha512-tQ3WRBVaJ5JVy4jQHaYpYqeQrPStc7WrIJlVMrY/2mJMe5D1Ma4EO6K7J0v4Zx3HZMoJ1xeaqfCI9E8UHFE9yQ==}
    peerDependencies:
      '@prefresh/core': ^1.5.0
      '@prefresh/utils': ^1.2.0
      '@rspack/core': ^2.0.0
    peerDependenciesMeta:
      '@rspack/core':
        optional: true

  '@swc/counter@0.1.3':
    resolution: {integrity: sha512-e2BR4lsJkkRlKZ/qCHPw9ZaSxc0MVUd7gtbtaB7aMvHeJVYe8sOB8DBZkP2DtISHGSku9sCK6T6cnY0CtXrOCQ==}

  '@swc/helpers@0.5.23':
    resolution: {integrity: sha512-5lSsMOTXURePglDfvuAQUqkGek9Hg2kksOYay2m0+XR++b2NWYL/4sWyuvVBIs8oKnJaxkdi9whaL/sqN13afw==}

  '@swc/plugin-prefresh@12.19.0':
    resolution: {integrity: sha512-htUjmk3FxuNr4aL064vps7NW1tkFHm8M2CUieRbrkUMcvOQQeJaSsDJN2gwViR1p1xdsHCqb6IGWfYLHgIcwhw==}

  '@tailwindcss/node@4.3.3':
    resolution: {integrity: sha512-/T8IKEsf9VTU6tLjgC7+sv2mOPtQxzE2jMw7u4Tt40Tx+QSZxpzh95/H6cMKoja9XuW7iMdLJYBB0o9G1CaAgg==}

  '@tailwindcss/oxide-android-arm64@4.3.3':
    resolution: {integrity: sha512-Y85A2gmPSkl5Ve5qR86GL4HT509cFqQh1aes9p3sSkyTPwt0Pppf3GkwGe4JPACcRYjgJIEhQgM6dBClnr0NYw==}
    engines: {node: '>= 20'}
    cpu: [arm64]
    os: [android]

  '@tailwindcss/oxide-darwin-arm64@4.3.3':
    resolution: {integrity: sha512-BiaWatpBcERQFDlOjRDpIVXuFK5PJez5SA4JMg6VYZdBYU+qKfV/vqjcIs+IYmtitf1xYQZTwXvU/8y4lfZUGw==}
    engines: {node: '>= 20'}
    cpu: [arm64]
    os: [darwin]

  '@tailwindcss/oxide-darwin-x64@4.3.3':
    resolution: {integrity: sha512-fAeUqfV5ndhxRwai8cXGzdLvul9utWOmeTkv69unv4ZXixjn61Z+p9lCWdwOwA3TYboG3BwdVuN/RDjhBRl0mw==}
    engines: {node: '>= 20'}
    cpu: [x64]
    os: [darwin]

  '@tailwindcss/oxide-freebsd-x64@4.3.3':
    resolution: {integrity: sha512-iyf5bV6+wnAlflVeEy7R25dupxTNECZN5QMI0qNT6eT+EgaGdZcKhGkr5SdoaWiLJ3spLqIY9VCeSGrwmtg4kw==}
    engines: {node: '>= 20'}
    cpu: [x64]
    os: [freebsd]

  '@tailwindcss/oxide-linux-arm-gnueabihf@4.3.3':
    resolution: {integrity: sha512-aAYUprJAJQWWbRrPvtjdroZ56Md+JM8pMiopS6xGEwDfLhqj+2ver2p4nU4Mb3CRqcMmNBjo8KkUgcxhkzVQGQ==}
    engines: {node: '>= 20'}
    cpu: [arm]
    os: [linux]

  '@tailwindcss/oxide-linux-arm64-gnu@4.3.3':
    resolution: {integrity: sha512-nDxldcEENOxZRzC2uu9jrutZdAAQtb+8WWDCSnWL1zvBk1+FN+x6MtDViPB5AJMfttVCUhehGWus3XBPgatM/w==}
    engines: {node: '>= 20'}
    cpu: [arm64]
    os: [linux]
    libc: [glibc]

  '@tailwindcss/oxide-linux-arm64-musl@4.3.3':
    resolution: {integrity: sha512-Md44bD6veX/PC5iyF8cDVnw4HBIANZepRZZ7a8DQOvkfo5WUBwcp6iAuCUz23u+4SUkhJlD3eL7hNdW8ezd/kA==}
    engines: {node: '>= 20'}
    cpu: [arm64]
    os: [linux]
    libc: [musl]

  '@tailwindcss/oxide-linux-x64-gnu@4.3.3':
    resolution: {integrity: sha512-tx7us1muwOKAKWao2v/GaafFeQboE6aj88vC6ziN2NCGcRm8gWUhwjzg+YdVB1e4boAtdtma4L43onunI6NS4w==}
    engines: {node: '>= 20'}
    cpu: [x64]
    os: [linux]
    libc: [glibc]

  '@tailwindcss/oxide-linux-x64-musl@4.3.3':
    resolution: {integrity: sha512-SJxX60smvHgasZoBy11dX6YRjXJFovwWBoedhbQPOBzgFWBHGB+TVPWB9BxzR7TTxU8FQZAI2AyiNCMzFm8Img==}
    engines: {node: '>= 20'}
    cpu: [x64]
    os: [linux]
    libc: [musl]

  '@tailwindcss/oxide-wasm32-wasi@4.3.3':
    resolution: {integrity: sha512-jx1+rPhY/5Ympkktd656HBWEBLxP7dH06losBLjjf5vgCODXvi9KhtftWcMIwTFIDqBr7cRnQkdLnAG+IOlGvQ==}
    engines: {node: '>=14.0.0'}
    cpu: [wasm32]
    bundledDependencies:
      - '@napi-rs/wasm-runtime'
      - '@emnapi/core'
      - '@emnapi/runtime'
      - '@tybys/wasm-util'
      - '@emnapi/wasi-threads'
      - tslib

  '@tailwindcss/oxide-win32-arm64-msvc@4.3.3':
    resolution: {integrity: sha512-3rc292Ca2ceK6Ulcc/bAVnTs/3nDtoPhyEKlgPv+yQJQi/JS/AMJlqzxvlDacL1nekbrcf6bTqp/jV4qgnPxNQ==}
    engines: {node: '>= 20'}
    cpu: [arm64]
    os: [win32]

  '@tailwindcss/oxide-win32-x64-msvc@4.3.3':
    resolution: {integrity: sha512-yJ0pwIVc/nYeGoV02WtsN8KYyLQv7kyI2wDnkezyJlGGjkd4QLwDGAwl47YpPJeuI0M0ObaXGSPjvWDPeTPggw==}
    engines: {node: '>= 20'}
    cpu: [x64]
    os: [win32]

  '@tailwindcss/oxide@4.3.3':
    resolution: {integrity: sha512-krXjAikiaFSPaK/FkAQT5UTx3VormQaiZ5hBFlJZ9UFQGB/rwg1MZIhHAG9smMQRTdyJxP6Qt5MwMtdyU5FWrA==}
    engines: {node: '>= 20'}

  '@tailwindcss/webpack@4.3.3':
    resolution: {integrity: sha512-e7A7ubt+D+MzXAlQcOaDaHMD5oYzxULVdZVjLzGVStIXebGfD4RcVHxBSRP7xE+G8sS3o691zyfIbhm/veOLjQ==}
    peerDependencies:
      '@rspack/core': ^1.0.0 || ^2.0.0
      webpack: ^5.0.0
    peerDependenciesMeta:
      '@rspack/core':
        optional: true
      webpack:
        optional: true

  '@tybys/wasm-util@0.10.3':
    resolution: {integrity: sha512-F3fo1MYrRJYL3zER0OUOmkutjr1Vp23m7OsSgp7nq4SP6OqX6C/56XFIPAl5bt3zaBRjmW7SGz3u/6LwFpYcOg==}

  '@types/node@24.13.3':
    resolution: {integrity: sha512-Dh8vAsV36ig5wa9OX4pXvMc9D3Veibfw2wix0CUwYODLD8nkj9UsLjASr49nPg+2eKzxhBV+v7L8pXvT4e639Q==}

  chalk@5.6.2:
    resolution: {integrity: sha512-7NzBL0rN6fMUW+f7A6Io4h40qQlG+xGmtMxfbnH/K7TAtt8JQWVQK+6g0UXKMeVJoyV5EkkNsErQ8pVD3bLHbA==}
    engines: {node: ^12.17.0 || ^14.13 || >=16.0.0}

  detect-libc@2.1.2:
    resolution: {integrity: sha512-Btj2BOOO83o3WyH59e8MgXsxEQVcarkUOpEYrubB0urwnN10yQ364rsiByU11nZlqWYZm05i/of7io4mzihBtQ==}
    engines: {node: '>=8'}

  enhanced-resolve@5.24.5:
    resolution: {integrity: sha512-L1l8TNvomm6UVW5B253AGxQagSQr+vGwhMlrrfRS2qmhx46AMpMVJKQYLvWYbysTMY8VoicOvzHzoHMbyzB+4A==}
    engines: {node: '>=10.13.0'}

  fdir@6.5.0:
    resolution: {integrity: sha512-tIbYtZbucOs0BRGqPJkshJUYdL+SDH7dVM8gjy+ERp3WAUjLEFJE+02kanyHtwjWOnwrKYBiwAmM0p4kLJAnXg==}
    engines: {node: '>=12.0.0'}
    peerDependencies:
      picomatch: ^3 || ^4
    peerDependenciesMeta:
      picomatch:
        optional: true

  graceful-fs@4.2.11:
    resolution: {integrity: sha512-RbJ5/jmFcNNCcDV5o9eTnBLJ/HszWV0P73bc+Ff4nS/rJj+YaS6IGyiOL0VoBYX+l1Wrl3k63h/KrH+nhJ0XvQ==}

  jiti@2.7.0:
    resolution: {integrity: sha512-AC/7JofJvZGrrneWNaEnJeOLUx+JlGt7tNa0wZiRPT4MY1wmfKjt2+6O2p2uz2+skll8OZZmJMNqeke7kKbNgQ==}
    hasBin: true

  lightningcss-android-arm64@1.32.0:
    resolution: {integrity: sha512-YK7/ClTt4kAK0vo6w3X+Pnm0D2cf2vPHbhOXdoNti1Ga0al1P4TBZhwjATvjNwLEBCnKvjJc2jQgHXH0NEwlAg==}
    engines: {node: '>= 12.0.0'}
    cpu: [arm64]
    os: [android]

  lightningcss-darwin-arm64@1.32.0:
    resolution: {integrity: sha512-RzeG9Ju5bag2Bv1/lwlVJvBE3q6TtXskdZLLCyfg5pt+HLz9BqlICO7LZM7VHNTTn/5PRhHFBSjk5lc4cmscPQ==}
    engines: {node: '>= 12.0.0'}
    cpu: [arm64]
    os: [darwin]

  lightningcss-darwin-x64@1.32.0:
    resolution: {integrity: sha512-U+QsBp2m/s2wqpUYT/6wnlagdZbtZdndSmut/NJqlCcMLTWp5muCrID+K5UJ6jqD2BFshejCYXniPDbNh73V8w==}
    engines: {node: '>= 12.0.0'}
    cpu: [x64]
    os: [darwin]

  lightningcss-freebsd-x64@1.32.0:
    resolution: {integrity: sha512-JCTigedEksZk3tHTTthnMdVfGf61Fky8Ji2E4YjUTEQX14xiy/lTzXnu1vwiZe3bYe0q+SpsSH/CTeDXK6WHig==}
    engines: {node: '>= 12.0.0'}
    cpu: [x64]
    os: [freebsd]

  lightningcss-linux-arm-gnueabihf@1.32.0:
    resolution: {integrity: sha512-x6rnnpRa2GL0zQOkt6rts3YDPzduLpWvwAF6EMhXFVZXD4tPrBkEFqzGowzCsIWsPjqSK+tyNEODUBXeeVHSkw==}
    engines: {node: '>= 12.0.0'}
    cpu: [arm]
    os: [linux]

  lightningcss-linux-arm64-gnu@1.32.0:
    resolution: {integrity: sha512-0nnMyoyOLRJXfbMOilaSRcLH3Jw5z9HDNGfT/gwCPgaDjnx0i8w7vBzFLFR1f6CMLKF8gVbebmkUN3fa/kQJpQ==}
    engines: {node: '>= 12.0.0'}
    cpu: [arm64]
    os: [linux]
    libc: [glibc]

  lightningcss-linux-arm64-musl@1.32.0:
    resolution: {integrity: sha512-UpQkoenr4UJEzgVIYpI80lDFvRmPVg6oqboNHfoH4CQIfNA+HOrZ7Mo7KZP02dC6LjghPQJeBsvXhJod/wnIBg==}
    engines: {node: '>= 12.0.0'}
    cpu: [arm64]
    os: [linux]
    libc: [musl]

  lightningcss-linux-x64-gnu@1.32.0:
    resolution: {integrity: sha512-V7Qr52IhZmdKPVr+Vtw8o+WLsQJYCTd8loIfpDaMRWGUZfBOYEJeyJIkqGIDMZPwPx24pUMfwSxxI8phr/MbOA==}
    engines: {node: '>= 12.0.0'}
    cpu: [x64]
    os: [linux]
    libc: [glibc]

  lightningcss-linux-x64-musl@1.32.0:
    resolution: {integrity: sha512-bYcLp+Vb0awsiXg/80uCRezCYHNg1/l3mt0gzHnWV9XP1W5sKa5/TCdGWaR/zBM2PeF/HbsQv/j2URNOiVuxWg==}
    engines: {node: '>= 12.0.0'}
    cpu: [x64]
    os: [linux]
    libc: [musl]

  lightningcss-win32-arm64-msvc@1.32.0:
    resolution: {integrity: sha512-8SbC8BR40pS6baCM8sbtYDSwEVQd4JlFTOlaD3gWGHfThTcABnNDBda6eTZeqbofalIJhFx0qKzgHJmcPTnGdw==}
    engines: {node: '>= 12.0.0'}
    cpu: [arm64]
    os: [win32]

  lightningcss-win32-x64-msvc@1.32.0:
    resolution: {integrity: sha512-Amq9B/SoZYdDi1kFrojnoqPLxYhQ4Wo5XiL8EVJrVsB8ARoC1PWW6VGtT0WKCemjy8aC+louJnjS7U18x3b06Q==}
    engines: {node: '>= 12.0.0'}
    cpu: [x64]
    os: [win32]

  lightningcss@1.32.0:
    resolution: {integrity: sha512-NXYBzinNrblfraPGyrbPoD19C1h9lfI/1mzgWYvXUTe414Gz/X1FD2XBZSZM7rRTrMA8JL3OtAaGifrIKhQ5yQ==}
    engines: {node: '>= 12.0.0'}

  magic-string@0.30.21:
    resolution: {integrity: sha512-vd2F4YUyEXKGcLHoq+TEyCjxueSeHnFxyyjNp80yg0XV4vUhnDer/lvvlqM/arB5bXQN5K2/3oinyCRyx8T2CQ==}

  p-limit@7.3.1:
    resolution: {integrity: sha512-0trZaiG7Y7kN/Egy9a8j47t9osC0Tch4PaIWd9yGF6bvmlk7muExRvGNYb8sXBwEKMoNKsbNN9P8EefuQekE4Q==}
    engines: {node: '>=20'}

  picomatch@4.0.5:
    resolution: {integrity: sha512-RvwwcruNjI1ncT5xRakeyS9Lf8lcItv34KD+aif+VH9kduAyfYBipGh12274xtenIPZ119/R9BdTBa8gAwSh0A==}
    engines: {node: '>=12'}

  preact@10.29.8:
    resolution: {integrity: sha512-ej2aVZ+vZ8WO7tvlQWRM9N63A0KzF9q4mWJfDUHgYaIofWY9hu74QdnQrjoPMmZi2/nZ5gN0bJCQF49xQqx09Q==}
    peerDependencies:
      preact-render-to-string: '>=5'
    peerDependenciesMeta:
      preact-render-to-string:
        optional: true

  pretty-bytes@7.1.1:
    resolution: {integrity: sha512-X+vn9z8nOFZQlxOLmfJ0iKDdMD7jYTsTW12OAlCpdoE3Igik6L37pugIZi+N3usuyp5McfgKPWi12q3zvHLeGQ==}
    engines: {node: '>=20'}

  rsbuild-plugin-compression@0.1.2:
    resolution: {integrity: sha512-ZJNM550VxxiIrMhqjCnQtay8JxqA7niXl/iPt5hbdprsK3aU24UiI4gzlUgIwrJALZlNDRC0RRDGdS/cBxVNfQ==}
    peerDependencies:
      '@rsbuild/core': ^1.0.0 || ^2.0.0-0

  source-map-js@1.2.1:
    resolution: {integrity: sha512-UXWMKhLOwVKb728IUtQPXxfYU+usdybtUrK/8uGE8CQMvrhOpwvzDBwj0QhSL7MQc7vIsISBG8VQ8+IDQxpfQA==}
    engines: {node: '>=0.10.0'}

  tailwindcss@4.3.3:
    resolution: {integrity: sha512-gOhV3P7ufE62QDGg1zVaTgCR+EtPv92k2nIhVcVKcLmxT1sUBsQGhnZj175j+MqRt4zLF7ic+sCYjfhxMxj7YQ==}

  tapable@2.3.3:
    resolution: {integrity: sha512-uxc/zpqFg6x7C8vOE7lh6Lbda8eEL9zmVm/PLeTPBRhh1xCgdWaQ+J1CUieGpIfm2HdtsUpRv+HshiasBMcc6A==}
    engines: {node: '>=6'}

  tinyglobby@0.2.17:
    resolution: {integrity: sha512-wXR/dYpcqKmfWpEdZjiKJOwCNFndD0DMnrW/cYjVGttEkBfVgcLFHoNrlj47mjOVic9yyNu65alsgF4NQyTa2g==}
    engines: {node: '>=12.0.0'}

  tslib@2.8.1:
    resolution: {integrity: sha512-oJFu94HQb+KVduSUQL7wnpmqnfmLsOA/nAh6b6EH0wCEoK0/mPeXU6c3wKDV83MkOuHPRHtSXKKU99IBazS/2w==}

  typescript@6.0.3:
    resolution: {integrity: sha512-y2TvuxSZPDyQakkFRPZHKFm+KKVqIisdg9/CZwm9ftvKXLP8NRWj38/ODjNbr43SsoXqNuAisEf1GdCxqWcdBw==}
    engines: {node: '>=14.17'}
    hasBin: true

  undici-types@7.18.2:
    resolution: {integrity: sha512-AsuCzffGHJybSaRrmr5eHr81mwJU3kjw6M+uprWvCXiNeN9SOGwQ3Jn8jb8m3Z6izVgknn1R0FTCEAP2QrLY/w==}

  yocto-queue@1.2.2:
    resolution: {integrity: sha512-4LCcse/U2MHZ63HAJVE+v71o7yOdIe4cZ70Wpf8D/IyjDKYQLV5GD46B+hSTjJsvV5PztjvHoU580EftxjDZFQ==}
    engines: {node: '>=12.20'}

snapshots:

  '@alloc/quick-lru@5.2.0': {}

  '@emnapi/core@1.11.3':
    dependencies:
      '@emnapi/wasi-threads': 1.2.3
      tslib: 2.8.1
    optional: true

  '@emnapi/runtime@1.11.3':
    dependencies:
      tslib: 2.8.1
    optional: true

  '@emnapi/wasi-threads@1.2.3':
    dependencies:
      tslib: 2.8.1
    optional: true

  '@jridgewell/gen-mapping@0.3.13':
    dependencies:
      '@jridgewell/sourcemap-codec': 1.5.5
      '@jridgewell/trace-mapping': 0.3.31

  '@jridgewell/remapping@2.3.5':
    dependencies:
      '@jridgewell/gen-mapping': 0.3.13
      '@jridgewell/trace-mapping': 0.3.31

  '@jridgewell/resolve-uri@3.1.2': {}

  '@jridgewell/sourcemap-codec@1.5.5': {}

  '@jridgewell/trace-mapping@0.3.31':
    dependencies:
      '@jridgewell/resolve-uri': 3.1.2
      '@jridgewell/sourcemap-codec': 1.5.5

  '@napi-rs/wasm-runtime@1.1.6(@emnapi/core@1.11.3)(@emnapi/runtime@1.11.3)':
    dependencies:
      '@emnapi/core': 1.11.3
      '@emnapi/runtime': 1.11.3
      '@tybys/wasm-util': 0.10.3
    optional: true

  '@prefresh/core@1.5.10(preact@10.29.8)':
    dependencies:
      preact: 10.29.8

  '@prefresh/utils@1.2.1': {}

  '@rsbuild/core@2.1.13':
    dependencies:
      '@rspack/core': 2.1.10(@swc/helpers@0.5.23)
      '@swc/helpers': 0.5.23
    transitivePeerDependencies:
      - '@module-federation/runtime-tools'

  '@rsbuild/plugin-preact@2.0.0(@rsbuild/core@2.1.13)(@rspack/core@2.1.10(@swc/helpers@0.5.23))(preact@10.29.8)':
    dependencies:
      '@prefresh/core': 1.5.10(preact@10.29.8)
      '@prefresh/utils': 1.2.1
      '@rspack/plugin-preact-refresh': 2.0.1(@prefresh/core@1.5.10(preact@10.29.8))(@prefresh/utils@1.2.1)(@rspack/core@2.1.10(@swc/helpers@0.5.23))
      '@swc/plugin-prefresh': 12.19.0
    optionalDependencies:
      '@rsbuild/core': 2.1.13
    transitivePeerDependencies:
      - '@rspack/core'
      - preact

  '@rsbuild/plugin-tailwindcss@2.0.3(@rsbuild/core@2.1.13)(@rspack/core@2.1.10(@swc/helpers@0.5.23))':
    dependencies:
      '@tailwindcss/webpack': 4.3.3(@rspack/core@2.1.10(@swc/helpers@0.5.23))
    optionalDependencies:
      '@rsbuild/core': 2.1.13
    transitivePeerDependencies:
      - '@rspack/core'
      - webpack

  '@rspack/binding-darwin-arm64@2.1.10':
    optional: true

  '@rspack/binding-darwin-x64@2.1.10':
    optional: true

  '@rspack/binding-linux-arm64-gnu@2.1.10':
    optional: true

  '@rspack/binding-linux-arm64-musl@2.1.10':
    optional: true

  '@rspack/binding-linux-ppc64-gnu@2.1.10':
    optional: true

  '@rspack/binding-linux-riscv64-gnu@2.1.10':
    optional: true

  '@rspack/binding-linux-riscv64-musl@2.1.10':
    optional: true

  '@rspack/binding-linux-s390x-gnu@2.1.10':
    optional: true

  '@rspack/binding-linux-x64-gnu@2.1.10':
    optional: true

  '@rspack/binding-linux-x64-musl@2.1.10':
    optional: true

  '@rspack/binding-wasm32-wasi@2.1.10':
    dependencies:
      '@emnapi/core': 1.11.3
      '@emnapi/runtime': 1.11.3
      '@napi-rs/wasm-runtime': 1.1.6(@emnapi/core@1.11.3)(@emnapi/runtime@1.11.3)
    optional: true

  '@rspack/binding-win32-arm64-msvc@2.1.10':
    optional: true

  '@rspack/binding-win32-ia32-msvc@2.1.10':
    optional: true

  '@rspack/binding-win32-x64-msvc@2.1.10':
    optional: true

  '@rspack/binding@2.1.10':
    optionalDependencies:
      '@rspack/binding-darwin-arm64': 2.1.10
      '@rspack/binding-darwin-x64': 2.1.10
      '@rspack/binding-linux-arm64-gnu': 2.1.10
      '@rspack/binding-linux-arm64-musl': 2.1.10
      '@rspack/binding-linux-ppc64-gnu': 2.1.10
      '@rspack/binding-linux-riscv64-gnu': 2.1.10
      '@rspack/binding-linux-riscv64-musl': 2.1.10
      '@rspack/binding-linux-s390x-gnu': 2.1.10
      '@rspack/binding-linux-x64-gnu': 2.1.10
      '@rspack/binding-linux-x64-musl': 2.1.10
      '@rspack/binding-wasm32-wasi': 2.1.10
      '@rspack/binding-win32-arm64-msvc': 2.1.10
      '@rspack/binding-win32-ia32-msvc': 2.1.10
      '@rspack/binding-win32-x64-msvc': 2.1.10

  '@rspack/core@2.1.10(@swc/helpers@0.5.23)':
    dependencies:
      '@rspack/binding': 2.1.10
    optionalDependencies:
      '@swc/helpers': 0.5.23

  '@rspack/plugin-preact-refresh@2.0.1(@prefresh/core@1.5.10(preact@10.29.8))(@prefresh/utils@1.2.1)(@rspack/core@2.1.10(@swc/helpers@0.5.23))':
    dependencies:
      '@prefresh/core': 1.5.10(preact@10.29.8)
      '@prefresh/utils': 1.2.1
    optionalDependencies:
      '@rspack/core': 2.1.10(@swc/helpers@0.5.23)

  '@swc/counter@0.1.3': {}

  '@swc/helpers@0.5.23':
    dependencies:
      tslib: 2.8.1

  '@swc/plugin-prefresh@12.19.0':
    dependencies:
      '@swc/counter': 0.1.3

  '@tailwindcss/node@4.3.3':
    dependencies:
      '@jridgewell/remapping': 2.3.5
      enhanced-resolve: 5.24.5
      jiti: 2.7.0
      lightningcss: 1.32.0
      magic-string: 0.30.21
      source-map-js: 1.2.1
      tailwindcss: 4.3.3

  '@tailwindcss/oxide-android-arm64@4.3.3':
    optional: true

  '@tailwindcss/oxide-darwin-arm64@4.3.3':
    optional: true

  '@tailwindcss/oxide-darwin-x64@4.3.3':
    optional: true

  '@tailwindcss/oxide-freebsd-x64@4.3.3':
    optional: true

  '@tailwindcss/oxide-linux-arm-gnueabihf@4.3.3':
    optional: true

  '@tailwindcss/oxide-linux-arm64-gnu@4.3.3':
    optional: true

  '@tailwindcss/oxide-linux-arm64-musl@4.3.3':
    optional: true

  '@tailwindcss/oxide-linux-x64-gnu@4.3.3':
    optional: true

  '@tailwindcss/oxide-linux-x64-musl@4.3.3':
    optional: true

  '@tailwindcss/oxide-wasm32-wasi@4.3.3':
    optional: true

  '@tailwindcss/oxide-win32-arm64-msvc@4.3.3':
    optional: true

  '@tailwindcss/oxide-win32-x64-msvc@4.3.3':
    optional: true

  '@tailwindcss/oxide@4.3.3':
    optionalDependencies:
      '@tailwindcss/oxide-android-arm64': 4.3.3
      '@tailwindcss/oxide-darwin-arm64': 4.3.3
      '@tailwindcss/oxide-darwin-x64': 4.3.3
      '@tailwindcss/oxide-freebsd-x64': 4.3.3
      '@tailwindcss/oxide-linux-arm-gnueabihf': 4.3.3
      '@tailwindcss/oxide-linux-arm64-gnu': 4.3.3
      '@tailwindcss/oxide-linux-arm64-musl': 4.3.3
      '@tailwindcss/oxide-linux-x64-gnu': 4.3.3
      '@tailwindcss/oxide-linux-x64-musl': 4.3.3
      '@tailwindcss/oxide-wasm32-wasi': 4.3.3
      '@tailwindcss/oxide-win32-arm64-msvc': 4.3.3
      '@tailwindcss/oxide-win32-x64-msvc': 4.3.3

  '@tailwindcss/webpack@4.3.3(@rspack/core@2.1.10(@swc/helpers@0.5.23))':
    dependencies:
      '@alloc/quick-lru': 5.2.0
      '@tailwindcss/node': 4.3.3
      '@tailwindcss/oxide': 4.3.3
      tailwindcss: 4.3.3
    optionalDependencies:
      '@rspack/core': 2.1.10(@swc/helpers@0.5.23)

  '@tybys/wasm-util@0.10.3':
    dependencies:
      tslib: 2.8.1
    optional: true

  '@types/node@24.13.3':
    dependencies:
      undici-types: 7.18.2

  chalk@5.6.2: {}

  detect-libc@2.1.2: {}

  enhanced-resolve@5.24.5:
    dependencies:
      graceful-fs: 4.2.11
      tapable: 2.3.3

  fdir@6.5.0(picomatch@4.0.5):
    optionalDependencies:
      picomatch: 4.0.5

  graceful-fs@4.2.11: {}

  jiti@2.7.0: {}

  lightningcss-android-arm64@1.32.0:
    optional: true

  lightningcss-darwin-arm64@1.32.0:
    optional: true

  lightningcss-darwin-x64@1.32.0:
    optional: true

  lightningcss-freebsd-x64@1.32.0:
    optional: true

  lightningcss-linux-arm-gnueabihf@1.32.0:
    optional: true

  lightningcss-linux-arm64-gnu@1.32.0:
    optional: true

  lightningcss-linux-arm64-musl@1.32.0:
    optional: true

  lightningcss-linux-x64-gnu@1.32.0:
    optional: true

  lightningcss-linux-x64-musl@1.32.0:
    optional: true

  lightningcss-win32-arm64-msvc@1.32.0:
    optional: true

  lightningcss-win32-x64-msvc@1.32.0:
    optional: true

  lightningcss@1.32.0:
    dependencies:
      detect-libc: 2.1.2
    optionalDependencies:
      lightningcss-android-arm64: 1.32.0
      lightningcss-darwin-arm64: 1.32.0
      lightningcss-darwin-x64: 1.32.0
      lightningcss-freebsd-x64: 1.32.0
      lightningcss-linux-arm-gnueabihf: 1.32.0
      lightningcss-linux-arm64-gnu: 1.32.0
      lightningcss-linux-arm64-musl: 1.32.0
      lightningcss-linux-x64-gnu: 1.32.0
      lightningcss-linux-x64-musl: 1.32.0
      lightningcss-win32-arm64-msvc: 1.32.0
      lightningcss-win32-x64-msvc: 1.32.0

  magic-string@0.30.21:
    dependencies:
      '@jridgewell/sourcemap-codec': 1.5.5

  p-limit@7.3.1:
    dependencies:
      yocto-queue: 1.2.2

  picomatch@4.0.5: {}

  preact@10.29.8: {}

  pretty-bytes@7.1.1: {}

  rsbuild-plugin-compression@0.1.2(@rsbuild/core@2.1.13):
    dependencies:
      '@rsbuild/core': 2.1.13
      chalk: 5.6.2
      p-limit: 7.3.1
      pretty-bytes: 7.1.1
      tinyglobby: 0.2.17

  source-map-js@1.2.1: {}

  tailwindcss@4.3.3: {}

  tapable@2.3.3: {}

  tinyglobby@0.2.17:
    dependencies:
      fdir: 6.5.0(picomatch@4.0.5)
      picomatch: 4.0.5

  tslib@2.8.1: {}

  typescript@6.0.3: {}

  undici-types@7.18.2: {}

  yocto-queue@1.2.2: {}
